
Microsoft Visual Studio Solution File, Format Version 12.00
Project("{FAE04EC0-301F-11D3-BF4B-00C04F79EFBC}") = "PuppyPlace.Console", "PuppyPlace.Console\PuppyPlace.Console.csproj", "{A3EE2B4C-527F-4F4D-B222-B04D3B96DC97}"
EndProject
Project("{FAE04EC0-301F-11D3-BF4B-00C04F79EFBC}") = "PuppyPlace.Data", "PuppyPlace.Data\PuppyPlace.Data.csproj", "{440A36C2-3FD7-489E-97B1-A979F02C7678}"
EndProject
Project("{FAE04EC0-301F-11D3-BF4B-00C04F79EFBC}") = "PuppyPlace.Domain", "PuppyPlace.Domain\PuppyPlace.Domain.csproj", "{366AA305-1F27-480F-BEDE-C28D9C4EF1A6}"
EndProject
Project("{FAE04EC0-301F-11D3-BF4B-00C04F79EFBC}") = "PuppyPlace.Repository", "PuppyPlace.Repository\PuppyPlace.Repository.csproj", "{0A40DF0A-7867-4894-AC32-2890F25CDEA3}"
EndProject
Project("{FAE04EC0-301F-11D3-BF4B-00C04F79EFBC}") = "PuppyPlaceApi", "PuppyPlaceApi\PuppyPlaceApi.csproj", "{8DB46D0D-1C82-4512-A3B5-38540F6CDA81}"
EndProject
Project("{FAE04EC0-301F-11D3-BF4B-00C04F79EFBC}") = "PuppyPlace.Services", "PuppyPlace.Services\PuppyPlace.Services.csproj", "{02CB3FDC-5055-4711-B135-EF748478A047}"
EndProject
Project("{FAE04EC0-301F-11D3-BF4B-00C04F79EFBC}") = "PuppyPlace.CqrsService", "PuppyPlace.CqrsService\PuppyPlace.CqrsService.csproj", "{AEE6EB48-1AAC-43C8-A299-34B42DB5BAF9}"
EndProject
Global
	GlobalSection(SolutionConfigurationPlatforms) = preSolution
		Debug|Any CPU = Debug|Any CPU
		Release|Any CPU = Release|Any CPU
	EndGlobalSection
	GlobalSection(ProjectConfigurationPlatforms) = postSolution
		{A3EE2B4C-527F-4F4D-B222-B04D3B96DC97}.Debug|Any CPU.ActiveCfg = Debug|Any CPU
		{A3EE2B4C-527F-4F4D-B222-B04D3B96DC97}.Debug|Any CPU.Build.0 = Debug|Any CPU
		{A3EE2B4C-527F-4F4D-B222-B04D3B96DC97}.Release|Any CPU.ActiveCfg = Release|Any CPU
		{A3EE2B4C-527F-4F4D-B222-B04D3B96DC97}.Release|Any CPU.Build.0 = Release|Any CPU
		{440A36C2-3FD7-489E-97B1-A979F02C7678}.Debug|Any CPU.ActiveCfg = Debug|Any CPU
		{440A36C2-3FD7-489E-97B1-A979F02C7678}.Debug|Any CPU.Build.0 = Debug|Any CPU
		{440A36C2-3FD7-489E-97B1-A979F02C7678}.Release|Any CPU.ActiveCfg = Release|Any CPU
		{440A36C2-3FD7-489E-97B1-A979F02C7678}.Release|Any CPU.Build.0 = Release|Any CPU
		{366AA305-1F27-480F-BEDE-C28D9C4EF1A6}.Debug|Any CPU.ActiveCfg = Debug|Any CPU
		{366AA305-1F27-480F-BEDE-C28D9C4EF1A6}.Debug|Any CPU.Build.0 = Debug|Any CPU
		{366AA305-1F27-480F-BEDE-C28D9C4EF1A6}.Release|Any CPU.ActiveCfg = Release|Any CPU
		{366AA305-1F27-480F-BEDE-C28D9C4EF1A6}.Release|Any CPU.Build.0 = Release|Any CPU
		{0A40DF0A-7867-4894-AC32-2890F25CDEA3}.Debug|Any CPU.ActiveCfg = Debug|Any CPU
		{0A40DF0A-7867-4894-AC32-2890F25CDEA3}.Debug|Any CPU.Build.0 = Debug|Any CPU
		{0A40DF0A-7867-4894-AC32-2890F25CDEA3}.Release|Any CPU.ActiveCfg = Release|Any CPU
		{0A40DF0A-7867-4894-AC32-2890F25CDEA3}.Release|Any CPU.Build.0 = Release|Any CPU
		{8DB46D0D-1C82-4512-A3B5-38540F6CDA81}.Debug|Any CPU.ActiveCfg = Debug|Any CPU
		{8DB46D0D-1C82-4512-A3B5-38540F6CDA81}.Debug|Any CPU.Build.0 = Debug|Any CPU
		{8DB46D0D-1C82-4512-A3B5-38540F6CDA81}.Release|Any CPU.ActiveCfg = Release|Any CPU
		{8DB46D0D-1C82-4512-A3B5-38540F6CDA81}.Release|Any CPU.Build.0 = Release|Any CPU
		{02CB3FDC-5055-4711-B135-EF748478A047}.Debug|Any CPU.ActiveCfg = Debug|Any CPU
		{02CB3FDC-5055-4711-B135-EF748478A047}.Debug|Any CPU.Build.0 = Debug|Any CPU
		{02CB3FDC-5055-4711-B135-EF748478A047}.Release|Any CPU.ActiveCfg = Release|Any CPU
		{02CB3FDC-5055-4711-B135-EF748478A047}.Release|Any CPU.Build.0 = Release|Any CPU
		{AEE6EB48-1AAC-43C8-A299-34B42DB5BAF9}.Debug|Any CPU.ActiveCfg = Debug|Any CPU
		{AEE6EB48-1AAC-43C8-A299-34B42DB5BAF9}.Debug|Any CPU.Build.0 = Debug|Any CPU
		{AEE6EB48-1AAC-43C8-A299-34B42DB5BAF9}.Release|Any CPU.ActiveCfg = Release|Any CPU
		{AEE6EB48-1AAC-43C8-A299-34B42DB5BAF9}.Release|Any CPU.Build.0 = Release|Any CPU
	EndGlobalSection
EndGlobal
